<?xml version="1.0" encoding="utf-8"?>
<Project ToolsVersion="4.0" xmlns="http://schemas.microsoft.com/developer/msbuild/2003">
  <ItemGroup>
    <Filter Include="Source Files">
      <UniqueIdentifier>{4FC737F1-C7A5-4376-A066-2A32D752A2FF}</UniqueIdentifier>
    </Filter>
    <Filter Include="Header Files">
      <UniqueIdentifier>{93995380-89BD-4B04-88EB-625FBE52EBFB}</UniqueIdentifier>
    </Filter>
    <Filter Include="Support Files">
      <UniqueIdentifier>{0E0FBBCB-7701-4AD9-ACD6-420730EDB7EA}</UniqueIdentifier>
    </Filter>
  </ItemGroup>
  <ItemGroup>
    <ClCompile Include="..\headers\Era\era.cpp">
      <Filter>Source Files</Filter>
    </ClCompile>
    <ClCompile Include="SpellDescriptionOverlay.cpp">
      <Filter>Source Files</Filter>
    </ClCompile>
    <ClCompile Include="dllmain.cpp">
      <Filter>Source Files</Filter>
    </ClCompile>
    <ClCompile Include="SpellDescriptions.cpp">
      <Filter>Source Files</Filter>
    </ClCompile>
  </ItemGroup>
  <ItemGroup>
    <ClInclude Include="SpellDescriptionOverlay.h">
      <Filter>Header Files</Filter>
    </ClInclude>
    <ClInclude Include="SpellDescriptionOverlayPixels.h">
      <Filter>Header Files</Filter>
    </ClInclude>
    <ClInclude Include="SpellDescriptionOverlayState.h">
      <Filter>Header Files</Filter>
    </ClInclude>
    <ClInclude Include="framework.h">
      <Filter>Header Files</Filter>
    </ClInclude>
    <ClInclude Include="SpellDescriptions.h">
      <Filter>Header Files</Filter>
    </ClInclude>
    <ClInclude Include="SpellDescriptionLogic.h">
      <Filter>Header Files</Filter>
    </ClInclude>
    <ClInclude Include="SpellDescriptionDuration.h">
      <Filter>Header Files</Filter>
    </ClInclude>
    <ClInclude Include="SpellDescriptionText.h">
      <Filter>Header Files</Filter>
    </ClInclude>
    <ClInclude Include="SpellDescriptionTranslations.h">
      <Filter>Header Files</Filter>
    </ClInclude>
    <ClInclude Include="SpellDescriptionErm.h">
      <Filter>Header Files</Filter>
    </ClInclude>
    <ClInclude Include="SpellDescriptionHintApi.h">
      <Filter>Header Files</Filter>
    </ClInclude>
  </ItemGroup>
  <ItemGroup>
    <None Include="SpellDescriptions.md">
      <Filter>Support Files</Filter>
    </None>
    <None Include="RELEASE_CHECK.md">
      <Filter>Support Files</Filter>
    </None>
    <None Include="SpellDescriptionErm.md">
      <Filter>Support Files</Filter>
    </None>
    <None Include="examples\remagic_spell_description.erm">
      <Filter>Support Files</Filter>
    </None>
    <None Include="examples\spell_duration_description.erm">
      <Filter>Support Files</Filter>
    </None>
    <None Include="tools\validate_spell_texts.py">
      <Filter>Support Files</Filter>
    </None>
  </ItemGroup>
</Project>
