
Microsoft Visual Studio Solution File, Format Version 12.00
# Visual Studio Version 17
VisualStudioVersion = 17.14.36221.1
MinimumVisualStudioVersion = 10.0.40219.1
Project("{8BC9CEB8-8B4A-11D0-8D11-00A0C91BC942}") = "Artifacts_AddingNewFeatures", "Artifacts_AddingNewFeatures\Artifacts_AddingNewFeatures.vcxproj", "{D8E5282D-5A18-4757-8342-7E9759F5A3F3}"
EndProject
Project("{8BC9CEB8-8B4A-11D0-8D11-00A0C91BC942}") = "Assembly_MainPlugin", "Assembly_MainPlugin\Assembly_MainPlugin.vcxproj", "{FF90A4AC-6B9F-4E22-AE7D-03B35FD0043E}"
EndProject
Project("{8BC9CEB8-8B4A-11D0-8D11-00A0C91BC942}") = "Commanders_SecondarySkillsScrolling", "Commanders_SecondarySkillsScrolling\Commanders_SecondarySkillsScrolling.vcxproj", "{6F3CF5AC-3F95-49DC-9A31-8B90599DF732}"
EndProject
Project("{8BC9CEB8-8B4A-11D0-8D11-00A0C91BC942}") = "Combat_SwitchingCreatureAction", "Combat_SwitchingCreatureAction\Combat_SwitchingCreatureAction.vcxproj", "{3BB04884-C58A-465E-B8C7-46A363B91EC2}"
EndProject
Project("{8BC9CEB8-8B4A-11D0-8D11-00A0C91BC942}") = "ERA_HelpDialog", "ERA_HelpDialog\ERA_HelpDialog.vcxproj", "{8047D165-9D1A-4D66-8E5B-E97AFA665596}"
EndProject
Project("{8BC9CEB8-8B4A-11D0-8D11-00A0C91BC942}") = "ERA_MultilingualSupport", "ERA_MultilingualSupport\ERA_MultilingualSupport.vcxproj", "{9CF6680A-4176-463D-86EB-1FB9F6955224}"
EndProject
Project("{8BC9CEB8-8B4A-11D0-8D11-00A0C91BC942}") = "ERA_OptionsMenu", "ERA_OptionsMenu\ERA_OptionsMenu.vcxproj", "{96374A46-2883-41E8-A242-C2195B772EF7}"
EndProject
Project("{8BC9CEB8-8B4A-11D0-8D11-00A0C91BC942}") = "Gameplay_GameplayEnhancementPlugin", "Gameplay_GameplayEnhancementPlugin\Gameplay_GameplayEnhancementPlugin.vcxproj", "{C28B0929-25FA-4EC5-9650-0EA912BF2449}"
EndProject
Project("{8BC9CEB8-8B4A-11D0-8D11-00A0C91BC942}") = "Graphics_LegendaryHeroes", "Graphics_LegendaryHeroes\Graphics_LegendaryHeroes.vcxproj", "{C974D039-D3A0-4E86-A083-4EC87685E904}"
EndProject
Project("{8BC9CEB8-8B4A-11D0-8D11-00A0C91BC942}") = "Graphics_TimeZonesSwitching", "Graphics_TimeZonesSwitching\Graphics_TimeZonesSwitching.vcxproj", "{5E315790-65D3-4333-BB53-1635AC7C7B65}"
EndProject
Project("{8BC9CEB8-8B4A-11D0-8D11-00A0C91BC942}") = "Heroes_ChangeStartingParameters", "Heroes_ChangeStartingParameters\Heroes_ChangeStartingParameters.vcxproj", "{F310FAA9-AC75-4C9A-814E-F371ADC0C98C}"
EndProject
Project("{8BC9CEB8-8B4A-11D0-8D11-00A0C91BC942}") = "Interface_AlignClassName", "Interface_AlignClassName\Interface_AlignClassName.vcxproj", "{59E32F0A-7B62-400E-980E-90AC1778D46C}"
EndProject
Project("{8BC9CEB8-8B4A-11D0-8D11-00A0C91BC942}") = "Interface_ArtifactsQuickSwitching", "Interface_ArtifactsQuickSwitching\Interface_ArtifactsQuickSwitching.vcxproj", "{8391B032-2486-4D14-A85F-719627EFA19A}"
EndProject
Project("{8BC9CEB8-8B4A-11D0-8D11-00A0C91BC942}") = "NewCombatDlgItems", "Interface_EnhancedCreatureInformation\Interface_EnhancedCreatureInformation.vcxproj", "{BD8EB49A-36B9-458C-906A-B8C950EFE4C0}"
EndProject
Project("{8BC9CEB8-8B4A-11D0-8D11-00A0C91BC942}") = "NewMainMenuItems", "Interface_MainMenuLogo\Interface_MainMenuLogo.vcxproj", "{880405F0-B8EF-49D0-8231-89E1B9ED2F64}"
EndProject
Project("{8BC9CEB8-8B4A-11D0-8D11-00A0C91BC942}") = "RMG_CustomizeObjectProperties", "RMG_CustomizeObjectProperties\RMG_CustomizeObjectProperties.vcxproj", "{01700C95-8606-446E-AAB8-96975F7B1761}"
EndProject
Project("{8BC9CEB8-8B4A-11D0-8D11-00A0C91BC942}") = "Test_DifferentStuff", "Test_DifferentStuff\Test_DifferentStuff.vcxproj", "{C11651EC-412B-43A8-8F51-C4607A7689A3}"
EndProject
Project("{8BC9CEB8-8B4A-11D0-8D11-00A0C91BC942}") = "Heroes_ExperienceSplit", "Heroes_ExperienceSplit\Heroes_ExperienceSplit.vcxproj", "{7374708D-BD32-4484-8661-3276656318DD}"
EndProject
Project("{8BC9CEB8-8B4A-11D0-8D11-00A0C91BC942}") = "Interface_MainMenuAPI", "Interface_MainMenuAPI\Interface_MainMenuAPI.vcxproj", "{A1B2C3D4-E5F6-47A8-9B0C-1234567890AB}"
EndProject
Project("{8BC9CEB8-8B4A-11D0-8D11-00A0C91BC942}") = "Gameplay_RemoveObstacleSpellRework", "Gameplay_RemoveObstacleSpellRework\Gameplay_RemoveObstacleSpellRework.vcxproj", "{78CD603D-B134-46FC-A397-A658F94AAC26}"
EndProject
Project("{8BC9CEB8-8B4A-11D0-8D11-00A0C91BC942}") = "ERA_ArtifactsExtender", "ERA_ArtifactsExtender\ERA_ArtifactsExtender.vcxproj", "{42B5985C-5448-4D01-B607-AE2CB255D21F}"
EndProject
Project("{8BC9CEB8-8B4A-11D0-8D11-00A0C91BC942}") = "Combat_SimultaneousMeleeAttack", "Combat_SimultaneousMeleeAttack\Combat_SimultaneousMeleeAttack.vcxproj", "{7C8C1A6A-9B2E-4B3F-A8D6-0F1E2C3A4B5C}"
EndProject
Project("{8BC9CEB8-8B4A-11D0-8D11-00A0C91BC942}") = "Combat_RangedRetaliation", "Combat_RangedRetaliation\Combat_RangedRetaliation.vcxproj", "{8D9D2B7B-AC3F-5C4E-B9E7-1A2B3C4D5E6F}"
EndProject
Project("{8BC9CEB8-8B4A-11D0-8D11-00A0C91BC942}") = "Combat_DoubledRangeAndObstaclePenalty", "Combat_DoubledRangeAndObstaclePenalty\Combat_DoubledRangeAndObstaclePenalty.vcxproj", "{9EAE3C8C-BD40-6D5F-C8F8-2B3C4D5E6F70}"
EndProject
Project("{8BC9CEB8-8B4A-11D0-8D11-00A0C91BC942}") = "Combat_HalvedAttackAndDefenceBonuses", "Combat_HalvedAttackAndDefenceBonuses\Combat_HalvedAttackAndDefenceBonuses.vcxproj", "{B0C05EA0-DF62-8F71-EA01-4D5E6F708192}"
EndProject
Project("{8BC9CEB8-8B4A-11D0-8D11-00A0C91BC942}") = "BloodDragon_HalvedVampirism", "BloodDragon_HalvedVampirism\BloodDragon_HalvedVampirism.vcxproj", "{C1D16FB1-E073-9082-FB12-5E6F708192A3}"
EndProject
Project("{8BC9CEB8-8B4A-11D0-8D11-00A0C91BC942}") = "Combat_BallisticsIncreasesShootingRange", "Combat_BallisticsIncreasesShootingRange\Combat_BallisticsIncreasesShootingRange.vcxproj", "{EFB3A9C1-7D6E-4A22-8F1C-0B1E2D3C4A5B}"
EndProject
Project("{8BC9CEB8-8B4A-11D0-8D11-00A0C91BC942}") = "Combat_LeadershipDecreasesFactionsNum", "Combat_LeadershipDecreasesFactionsNum\Combat_LeadershipDecreasesFactionsNum.vcxproj", "{F1E2D3C4-B5A6-47B8-9C0D-1E2F3A4B5C6D}"
EndProject
Global
	GlobalSection(SolutionConfigurationPlatforms) = preSolution
		Debug|x86 = Debug|x86
		Release|x86 = Release|x86
	EndGlobalSection
	GlobalSection(ProjectConfigurationPlatforms) = postSolution
		{D8E5282D-5A18-4757-8342-7E9759F5A3F3}.Debug|x86.ActiveCfg = Debug|Win32
		{D8E5282D-5A18-4757-8342-7E9759F5A3F3}.Debug|x86.Build.0 = Debug|Win32
		{D8E5282D-5A18-4757-8342-7E9759F5A3F3}.Release|x86.ActiveCfg = Release|Win32
		{D8E5282D-5A18-4757-8342-7E9759F5A3F3}.Release|x86.Build.0 = Release|Win32
		{FF90A4AC-6B9F-4E22-AE7D-03B35FD0043E}.Debug|x86.ActiveCfg = Debug|Win32
		{FF90A4AC-6B9F-4E22-AE7D-03B35FD0043E}.Debug|x86.Build.0 = Debug|Win32
		{FF90A4AC-6B9F-4E22-AE7D-03B35FD0043E}.Release|x86.ActiveCfg = Release|Win32
		{FF90A4AC-6B9F-4E22-AE7D-03B35FD0043E}.Release|x86.Build.0 = Release|Win32
		{6F3CF5AC-3F95-49DC-9A31-8B90599DF732}.Debug|x86.ActiveCfg = Debug|Win32
		{6F3CF5AC-3F95-49DC-9A31-8B90599DF732}.Debug|x86.Build.0 = Debug|Win32
		{6F3CF5AC-3F95-49DC-9A31-8B90599DF732}.Release|x86.ActiveCfg = Release|Win32
		{6F3CF5AC-3F95-49DC-9A31-8B90599DF732}.Release|x86.Build.0 = Release|Win32
		{3BB04884-C58A-465E-B8C7-46A363B91EC2}.Debug|x86.ActiveCfg = Debug|Win32
		{3BB04884-C58A-465E-B8C7-46A363B91EC2}.Debug|x86.Build.0 = Debug|Win32
		{3BB04884-C58A-465E-B8C7-46A363B91EC2}.Release|x86.ActiveCfg = Release|Win32
		{3BB04884-C58A-465E-B8C7-46A363B91EC2}.Release|x86.Build.0 = Release|Win32
		{8047D165-9D1A-4D66-8E5B-E97AFA665596}.Debug|x86.ActiveCfg = Debug|Win32
		{8047D165-9D1A-4D66-8E5B-E97AFA665596}.Debug|x86.Build.0 = Debug|Win32
		{8047D165-9D1A-4D66-8E5B-E97AFA665596}.Release|x86.ActiveCfg = Release|Win32
		{8047D165-9D1A-4D66-8E5B-E97AFA665596}.Release|x86.Build.0 = Release|Win32
		{9CF6680A-4176-463D-86EB-1FB9F6955224}.Debug|x86.ActiveCfg = Debug|Win32
		{9CF6680A-4176-463D-86EB-1FB9F6955224}.Debug|x86.Build.0 = Debug|Win32
		{9CF6680A-4176-463D-86EB-1FB9F6955224}.Release|x86.ActiveCfg = Release|Win32
		{9CF6680A-4176-463D-86EB-1FB9F6955224}.Release|x86.Build.0 = Release|Win32
		{96374A46-2883-41E8-A242-C2195B772EF7}.Debug|x86.ActiveCfg = Debug|Win32
		{96374A46-2883-41E8-A242-C2195B772EF7}.Debug|x86.Build.0 = Debug|Win32
		{96374A46-2883-41E8-A242-C2195B772EF7}.Release|x86.ActiveCfg = Release|Win32
		{96374A46-2883-41E8-A242-C2195B772EF7}.Release|x86.Build.0 = Release|Win32
		{C28B0929-25FA-4EC5-9650-0EA912BF2449}.Debug|x86.ActiveCfg = Debug|Win32
		{C28B0929-25FA-4EC5-9650-0EA912BF2449}.Debug|x86.Build.0 = Debug|Win32
		{C28B0929-25FA-4EC5-9650-0EA912BF2449}.Release|x86.ActiveCfg = Release|Win32
		{C28B0929-25FA-4EC5-9650-0EA912BF2449}.Release|x86.Build.0 = Release|Win32
		{C974D039-D3A0-4E86-A083-4EC87685E904}.Debug|x86.ActiveCfg = Debug|Win32
		{C974D039-D3A0-4E86-A083-4EC87685E904}.Debug|x86.Build.0 = Debug|Win32
		{C974D039-D3A0-4E86-A083-4EC87685E904}.Release|x86.ActiveCfg = Release|Win32
		{C974D039-D3A0-4E86-A083-4EC87685E904}.Release|x86.Build.0 = Release|Win32
		{5E315790-65D3-4333-BB53-1635AC7C7B65}.Debug|x86.ActiveCfg = Debug|Win32
		{5E315790-65D3-4333-BB53-1635AC7C7B65}.Debug|x86.Build.0 = Debug|Win32
		{5E315790-65D3-4333-BB53-1635AC7C7B65}.Release|x86.ActiveCfg = Release|Win32
		{5E315790-65D3-4333-BB53-1635AC7C7B65}.Release|x86.Build.0 = Release|Win32
		{F310FAA9-AC75-4C9A-814E-F371ADC0C98C}.Debug|x86.ActiveCfg = Debug|Win32
		{F310FAA9-AC75-4C9A-814E-F371ADC0C98C}.Debug|x86.Build.0 = Debug|Win32
		{F310FAA9-AC75-4C9A-814E-F371ADC0C98C}.Release|x86.ActiveCfg = Release|Win32
		{F310FAA9-AC75-4C9A-814E-F371ADC0C98C}.Release|x86.Build.0 = Release|Win32
		{59E32F0A-7B62-400E-980E-90AC1778D46C}.Debug|x86.ActiveCfg = Debug|Win32
		{59E32F0A-7B62-400E-980E-90AC1778D46C}.Debug|x86.Build.0 = Debug|Win32
		{59E32F0A-7B62-400E-980E-90AC1778D46C}.Release|x86.ActiveCfg = Release|Win32
		{59E32F0A-7B62-400E-980E-90AC1778D46C}.Release|x86.Build.0 = Release|Win32
		{8391B032-2486-4D14-A85F-719627EFA19A}.Debug|x86.ActiveCfg = Debug|Win32
		{8391B032-2486-4D14-A85F-719627EFA19A}.Debug|x86.Build.0 = Debug|Win32
		{8391B032-2486-4D14-A85F-719627EFA19A}.Release|x86.ActiveCfg = Release|Win32
		{8391B032-2486-4D14-A85F-719627EFA19A}.Release|x86.Build.0 = Release|Win32
		{BD8EB49A-36B9-458C-906A-B8C950EFE4C0}.Debug|x86.ActiveCfg = Debug|Win32
		{BD8EB49A-36B9-458C-906A-B8C950EFE4C0}.Debug|x86.Build.0 = Debug|Win32
		{BD8EB49A-36B9-458C-906A-B8C950EFE4C0}.Release|x86.ActiveCfg = Release|Win32
		{BD8EB49A-36B9-458C-906A-B8C950EFE4C0}.Release|x86.Build.0 = Release|Win32
		{880405F0-B8EF-49D0-8231-89E1B9ED2F64}.Debug|x86.ActiveCfg = Debug|Win32
		{880405F0-B8EF-49D0-8231-89E1B9ED2F64}.Debug|x86.Build.0 = Debug|Win32
		{880405F0-B8EF-49D0-8231-89E1B9ED2F64}.Release|x86.ActiveCfg = Release|Win32
		{880405F0-B8EF-49D0-8231-89E1B9ED2F64}.Release|x86.Build.0 = Release|Win32
		{01700C95-8606-446E-AAB8-96975F7B1761}.Debug|x86.ActiveCfg = Debug|Win32
		{01700C95-8606-446E-AAB8-96975F7B1761}.Debug|x86.Build.0 = Debug|Win32
		{01700C95-8606-446E-AAB8-96975F7B1761}.Release|x86.ActiveCfg = Release|Win32
		{01700C95-8606-446E-AAB8-96975F7B1761}.Release|x86.Build.0 = Release|Win32
		{C11651EC-412B-43A8-8F51-C4607A7689A3}.Debug|x86.ActiveCfg = Debug|Win32
		{C11651EC-412B-43A8-8F51-C4607A7689A3}.Debug|x86.Build.0 = Debug|Win32
		{C11651EC-412B-43A8-8F51-C4607A7689A3}.Release|x86.ActiveCfg = Release|Win32
		{C11651EC-412B-43A8-8F51-C4607A7689A3}.Release|x86.Build.0 = Release|Win32
		{7374708D-BD32-4484-8661-3276656318DD}.Debug|x86.ActiveCfg = Debug|Win32
		{7374708D-BD32-4484-8661-3276656318DD}.Debug|x86.Build.0 = Debug|Win32
		{7374708D-BD32-4484-8661-3276656318DD}.Release|x86.ActiveCfg = Release|Win32
		{7374708D-BD32-4484-8661-3276656318DD}.Release|x86.Build.0 = Release|Win32
		{A1B2C3D4-E5F6-47A8-9B0C-1234567890AB}.Debug|x86.ActiveCfg = Debug|Win32
		{A1B2C3D4-E5F6-47A8-9B0C-1234567890AB}.Debug|x86.Build.0 = Debug|Win32
		{A1B2C3D4-E5F6-47A8-9B0C-1234567890AB}.Release|x86.ActiveCfg = Release|Win32
		{A1B2C3D4-E5F6-47A8-9B0C-1234567890AB}.Release|x86.Build.0 = Release|Win32
		{78CD603D-B134-46FC-A397-A658F94AAC26}.Debug|x86.ActiveCfg = Debug|Win32
		{78CD603D-B134-46FC-A397-A658F94AAC26}.Debug|x86.Build.0 = Debug|Win32
		{78CD603D-B134-46FC-A397-A658F94AAC26}.Release|x86.ActiveCfg = Release|Win32
		{78CD603D-B134-46FC-A397-A658F94AAC26}.Release|x86.Build.0 = Release|Win32
		{42B5985C-5448-4D01-B607-AE2CB255D21F}.Debug|x86.ActiveCfg = Debug|Win32
		{42B5985C-5448-4D01-B607-AE2CB255D21F}.Debug|x86.Build.0 = Debug|Win32
		{42B5985C-5448-4D01-B607-AE2CB255D21F}.Release|x86.ActiveCfg = Release|Win32
		{42B5985C-5448-4D01-B607-AE2CB255D21F}.Release|x86.Build.0 = Release|Win32
		{7C8C1A6A-9B2E-4B3F-A8D6-0F1E2C3A4B5C}.Debug|x86.ActiveCfg = Debug|Win32
		{7C8C1A6A-9B2E-4B3F-A8D6-0F1E2C3A4B5C}.Debug|x86.Build.0 = Debug|Win32
		{7C8C1A6A-9B2E-4B3F-A8D6-0F1E2C3A4B5C}.Release|x86.ActiveCfg = Release|Win32
		{7C8C1A6A-9B2E-4B3F-A8D6-0F1E2C3A4B5C}.Release|x86.Build.0 = Release|Win32
		{8D9D2B7B-AC3F-5C4E-B9E7-1A2B3C4D5E6F}.Debug|x86.ActiveCfg = Debug|Win32
		{8D9D2B7B-AC3F-5C4E-B9E7-1A2B3C4D5E6F}.Debug|x86.Build.0 = Debug|Win32
		{8D9D2B7B-AC3F-5C4E-B9E7-1A2B3C4D5E6F}.Release|x86.ActiveCfg = Release|Win32
		{8D9D2B7B-AC3F-5C4E-B9E7-1A2B3C4D5E6F}.Release|x86.Build.0 = Release|Win32
		{9EAE3C8C-BD40-6D5F-C8F8-2B3C4D5E6F70}.Debug|x86.ActiveCfg = Debug|Win32
		{9EAE3C8C-BD40-6D5F-C8F8-2B3C4D5E6F70}.Debug|x86.Build.0 = Debug|Win32
		{9EAE3C8C-BD40-6D5F-C8F8-2B3C4D5E6F70}.Release|x86.ActiveCfg = Release|Win32
		{9EAE3C8C-BD40-6D5F-C8F8-2B3C4D5E6F70}.Release|x86.Build.0 = Release|Win32
		{B0C05EA0-DF62-8F71-EA01-4D5E6F708192}.Debug|x86.ActiveCfg = Debug|Win32
		{B0C05EA0-DF62-8F71-EA01-4D5E6F708192}.Debug|x86.Build.0 = Debug|Win32
		{B0C05EA0-DF62-8F71-EA01-4D5E6F708192}.Release|x86.ActiveCfg = Release|Win32
		{B0C05EA0-DF62-8F71-EA01-4D5E6F708192}.Release|x86.Build.0 = Release|Win32
		{C1D16FB1-E073-9082-FB12-5E6F708192A3}.Debug|x86.ActiveCfg = Debug|Win32
		{C1D16FB1-E073-9082-FB12-5E6F708192A3}.Debug|x86.Build.0 = Debug|Win32
		{C1D16FB1-E073-9082-FB12-5E6F708192A3}.Release|x86.ActiveCfg = Release|Win32
		{C1D16FB1-E073-9082-FB12-5E6F708192A3}.Release|x86.Build.0 = Release|Win32
		{EFB3A9C1-7D6E-4A22-8F1C-0B1E2D3C4A5B}.Debug|x86.ActiveCfg = Debug|Win32
		{EFB3A9C1-7D6E-4A22-8F1C-0B1E2D3C4A5B}.Debug|x86.Build.0 = Debug|Win32
		{EFB3A9C1-7D6E-4A22-8F1C-0B1E2D3C4A5B}.Release|x86.ActiveCfg = Release|Win32
		{EFB3A9C1-7D6E-4A22-8F1C-0B1E2D3C4A5B}.Release|x86.Build.0 = Release|Win32
		{F1E2D3C4-B5A6-47B8-9C0D-1E2F3A4B5C6D}.Debug|x86.ActiveCfg = Debug|Win32
		{F1E2D3C4-B5A6-47B8-9C0D-1E2F3A4B5C6D}.Debug|x86.Build.0 = Debug|Win32
		{F1E2D3C4-B5A6-47B8-9C0D-1E2F3A4B5C6D}.Release|x86.ActiveCfg = Release|Win32
		{F1E2D3C4-B5A6-47B8-9C0D-1E2F3A4B5C6D}.Release|x86.Build.0 = Release|Win32
	EndGlobalSection
	GlobalSection(SolutionProperties) = preSolution
		HideSolutionNode = FALSE
	EndGlobalSection
	GlobalSection(ExtensibilityGlobals) = postSolution
		SolutionGuid = {01AA3932-0FBB-4ED0-A30C-E8BDF6FCB47D}
	EndGlobalSection
EndGlobal
