
Microsoft Visual Studio Solution File, Format Version 12.00
# Visual Studio Version 16
VisualStudioVersion = 16.0.31515.178
MinimumVisualStudioVersion = 10.0.40219.1
Project("{8BC9CEB8-8B4A-11D0-8D11-00A0C91BC942}") = "NewMainMenuItems", "NewMainMenuItems\NewMainMenuItems.vcxproj", "{880405F0-B8EF-49D0-8231-89E1B9ED2F64}"
EndProject
Project("{8BC9CEB8-8B4A-11D0-8D11-00A0C91BC942}") = "gemPlugins", "gemPlugins\gemPlugins.vcxproj", "{A58030EA-D29E-4420-BF69-C9584B1DE190}"
EndProject
Project("{2150E333-8FDC-42A3-9474-1A3956D46DE8}") = "mainSol", "mainSol", "{C76C194E-DDB0-4D9E-8272-2943A4F2FA90}"
EndProject
Project("{8BC9CEB8-8B4A-11D0-8D11-00A0C91BC942}") = "assemblyMainPLugin", "assemblyMainPLugin\assemblyMainPLugin.vcxproj", "{FF90A4AC-6B9F-4E22-AE7D-03B35FD0043E}"
EndProject
Project("{8BC9CEB8-8B4A-11D0-8D11-00A0C91BC942}") = "newAdvMapItems", "NewAdvMapItems\newAdvMapItems.vcxproj", "{DEBF775B-C08E-4A22-8870-B05D4AFF461E}"
EndProject
Project("{8BC9CEB8-8B4A-11D0-8D11-00A0C91BC942}") = "NewHeroDlgItems", "NewHeroDlgItems\NewHeroDlgItems.vcxproj", "{C974D039-D3A0-4E86-A083-4EC87685E904}"
EndProject
Global
	GlobalSection(SolutionConfigurationPlatforms) = preSolution
		Debug|x64 = Debug|x64
		Debug|x86 = Debug|x86
		Release|x64 = Release|x64
		Release|x86 = Release|x86
	EndGlobalSection
	GlobalSection(ProjectConfigurationPlatforms) = postSolution
		{880405F0-B8EF-49D0-8231-89E1B9ED2F64}.Debug|x64.ActiveCfg = Debug|x64
		{880405F0-B8EF-49D0-8231-89E1B9ED2F64}.Debug|x64.Build.0 = Debug|x64
		{880405F0-B8EF-49D0-8231-89E1B9ED2F64}.Debug|x86.ActiveCfg = Debug|Win32
		{880405F0-B8EF-49D0-8231-89E1B9ED2F64}.Debug|x86.Build.0 = Debug|Win32
		{880405F0-B8EF-49D0-8231-89E1B9ED2F64}.Release|x64.ActiveCfg = Release|x64
		{880405F0-B8EF-49D0-8231-89E1B9ED2F64}.Release|x64.Build.0 = Release|x64
		{880405F0-B8EF-49D0-8231-89E1B9ED2F64}.Release|x86.ActiveCfg = Release|Win32
		{880405F0-B8EF-49D0-8231-89E1B9ED2F64}.Release|x86.Build.0 = Release|Win32
		{A58030EA-D29E-4420-BF69-C9584B1DE190}.Debug|x64.ActiveCfg = Debug|x64
		{A58030EA-D29E-4420-BF69-C9584B1DE190}.Debug|x64.Build.0 = Debug|x64
		{A58030EA-D29E-4420-BF69-C9584B1DE190}.Debug|x86.ActiveCfg = Debug|Win32
		{A58030EA-D29E-4420-BF69-C9584B1DE190}.Debug|x86.Build.0 = Debug|Win32
		{A58030EA-D29E-4420-BF69-C9584B1DE190}.Release|x64.ActiveCfg = Release|x64
		{A58030EA-D29E-4420-BF69-C9584B1DE190}.Release|x64.Build.0 = Release|x64
		{A58030EA-D29E-4420-BF69-C9584B1DE190}.Release|x86.ActiveCfg = Release|Win32
		{A58030EA-D29E-4420-BF69-C9584B1DE190}.Release|x86.Build.0 = Release|Win32
		{FF90A4AC-6B9F-4E22-AE7D-03B35FD0043E}.Debug|x64.ActiveCfg = Debug|x64
		{FF90A4AC-6B9F-4E22-AE7D-03B35FD0043E}.Debug|x64.Build.0 = Debug|x64
		{FF90A4AC-6B9F-4E22-AE7D-03B35FD0043E}.Debug|x86.ActiveCfg = Debug|Win32
		{FF90A4AC-6B9F-4E22-AE7D-03B35FD0043E}.Debug|x86.Build.0 = Debug|Win32
		{FF90A4AC-6B9F-4E22-AE7D-03B35FD0043E}.Release|x64.ActiveCfg = Release|x64
		{FF90A4AC-6B9F-4E22-AE7D-03B35FD0043E}.Release|x64.Build.0 = Release|x64
		{FF90A4AC-6B9F-4E22-AE7D-03B35FD0043E}.Release|x86.ActiveCfg = Release|Win32
		{FF90A4AC-6B9F-4E22-AE7D-03B35FD0043E}.Release|x86.Build.0 = Release|Win32
		{DEBF775B-C08E-4A22-8870-B05D4AFF461E}.Debug|x64.ActiveCfg = Debug|x64
		{DEBF775B-C08E-4A22-8870-B05D4AFF461E}.Debug|x64.Build.0 = Debug|x64
		{DEBF775B-C08E-4A22-8870-B05D4AFF461E}.Debug|x86.ActiveCfg = Debug|Win32
		{DEBF775B-C08E-4A22-8870-B05D4AFF461E}.Debug|x86.Build.0 = Debug|Win32
		{DEBF775B-C08E-4A22-8870-B05D4AFF461E}.Release|x64.ActiveCfg = Release|x64
		{DEBF775B-C08E-4A22-8870-B05D4AFF461E}.Release|x64.Build.0 = Release|x64
		{DEBF775B-C08E-4A22-8870-B05D4AFF461E}.Release|x86.ActiveCfg = Release|Win32
		{DEBF775B-C08E-4A22-8870-B05D4AFF461E}.Release|x86.Build.0 = Release|Win32
		{C974D039-D3A0-4E86-A083-4EC87685E904}.Debug|x64.ActiveCfg = Debug|x64
		{C974D039-D3A0-4E86-A083-4EC87685E904}.Debug|x64.Build.0 = Debug|x64
		{C974D039-D3A0-4E86-A083-4EC87685E904}.Debug|x86.ActiveCfg = Debug|Win32
		{C974D039-D3A0-4E86-A083-4EC87685E904}.Debug|x86.Build.0 = Debug|Win32
		{C974D039-D3A0-4E86-A083-4EC87685E904}.Release|x64.ActiveCfg = Release|x64
		{C974D039-D3A0-4E86-A083-4EC87685E904}.Release|x64.Build.0 = Release|x64
		{C974D039-D3A0-4E86-A083-4EC87685E904}.Release|x86.ActiveCfg = Release|Win32
		{C974D039-D3A0-4E86-A083-4EC87685E904}.Release|x86.Build.0 = Release|Win32
	EndGlobalSection
	GlobalSection(SolutionProperties) = preSolution
		HideSolutionNode = FALSE
	EndGlobalSection
	GlobalSection(ExtensibilityGlobals) = postSolution
		SolutionGuid = {01AA3932-0FBB-4ED0-A30C-E8BDF6FCB47D}
	EndGlobalSection
EndGlobal
