<?xml version="1.0" encoding="utf-8"?>
<Project ToolsVersion="4.0" xmlns="http://schemas.microsoft.com/developer/msbuild/2003">
  <ItemGroup>
    <Filter Include="Source Files">
      <UniqueIdentifier>{4FC737F1-C7A5-4376-A066-2A32D752A2FF}</UniqueIdentifier>
      <Extensions>cpp;c;cc;cxx;c++;cppm;ixx;def;odl;idl;hpj;bat;asm;asmx</Extensions>
    </Filter>
    <Filter Include="Header Files">
      <UniqueIdentifier>{93995380-89BD-4b04-88EB-625FBE52EBFB}</UniqueIdentifier>
      <Extensions>h;hh;hpp;hxx;h++;hm;inl;inc;ipp;xsd</Extensions>
    </Filter>
    <Filter Include="Resource Files">
      <UniqueIdentifier>{67DA6AB6-F800-4c08-8B7A-83BB121AAD01}</UniqueIdentifier>
      <Extensions>rc;ico;cur;bmp;dlg;rc2;rct;bin;rgs;gif;jpg;jpeg;jpe;resx;tiff;tif;png;wav;mfcribbon-ms</Extensions>
    </Filter>
    <Filter Include="Source Files\handlers">
      <UniqueIdentifier>{c79dd983-0938-4430-9a55-387a1776cfb0}</UniqueIdentifier>
    </Filter>
  </ItemGroup>
  <ItemGroup>
    <ClInclude Include="pch.h">
      <Filter>Header Files</Filter>
    </ClInclude>
    <ClInclude Include="LanguageSelectionDlg.h">
      <Filter>Header Files</Filter>
    </ClInclude>
    <ClInclude Include="Locale.h">
      <Filter>Header Files</Filter>
    </ClInclude>
    <ClInclude Include="H3DlgTextPcxLocale.h">
      <Filter>Header Files</Filter>
    </ClInclude>
    <ClInclude Include="DlgStyle.h">
      <Filter>Header Files</Filter>
    </ClInclude>
    <ClInclude Include="LocaleManager.h">
      <Filter>Header Files</Filter>
    </ClInclude>
    <ClInclude Include="ArtifactHandler.h">
      <Filter>Source Files\handlers</Filter>
    </ClInclude>
    <ClInclude Include="MapObjectHandler.h">
      <Filter>Source Files\handlers</Filter>
    </ClInclude>
    <ClInclude Include="MonsterHandler.h">
      <Filter>Source Files\handlers</Filter>
    </ClInclude>
    <ClInclude Include="HeroHandler.h">
      <Filter>Source Files\handlers</Filter>
    </ClInclude>
    <ClInclude Include="ExportManager.h">
      <Filter>Header Files</Filter>
    </ClInclude>
  </ItemGroup>
  <ItemGroup>
    <ClCompile Include="dllmain.cpp">
      <Filter>Source Files</Filter>
    </ClCompile>
    <ClCompile Include="LanguageSelectionDlg.cpp">
      <Filter>Source Files</Filter>
    </ClCompile>
    <ClCompile Include="Locale.cpp">
      <Filter>Source Files</Filter>
    </ClCompile>
    <ClCompile Include="H3DlgTextPcxLocale.cpp">
      <Filter>Source Files</Filter>
    </ClCompile>
    <ClCompile Include="DlgStyle.cpp">
      <Filter>Source Files</Filter>
    </ClCompile>
    <ClCompile Include="..\headers\Era\era.cpp">
      <Filter>Source Files</Filter>
    </ClCompile>
    <ClCompile Include="LocaleManager.cpp">
      <Filter>Source Files</Filter>
    </ClCompile>
    <ClCompile Include="ArtifactHandler.cpp">
      <Filter>Source Files\handlers</Filter>
    </ClCompile>
    <ClCompile Include="MonsterHandler.cpp">
      <Filter>Source Files\handlers</Filter>
    </ClCompile>
    <ClCompile Include="MapObjectHandler.cpp">
      <Filter>Source Files\handlers</Filter>
    </ClCompile>
    <ClCompile Include="HeroHandler.cpp">
      <Filter>Source Files\handlers</Filter>
    </ClCompile>
    <ClCompile Include="ExportManager.cpp">
      <Filter>Source Files</Filter>
    </ClCompile>
  </ItemGroup>
</Project>