<?xml version="1.0" encoding="utf-8"?>
<Project ToolsVersion="4.0" xmlns="http://schemas.microsoft.com/developer/msbuild/2003">
  <ItemGroup>
    <Filter Include="Source Files"><UniqueIdentifier>{4FC737F1-C7A5-4376-A066-2A32D752A2FF}</UniqueIdentifier></Filter>
    <Filter Include="Header Files"><UniqueIdentifier>{93995380-89BD-4B04-88EB-625FBE52EBFB}</UniqueIdentifier></Filter>
    <Filter Include="Documentation"><UniqueIdentifier>{D7EEB5C2-72BA-4DEB-82BB-38893556FA72}</UniqueIdentifier></Filter>
  </ItemGroup>
  <ItemGroup>
    <None Include="README.md"><Filter>Documentation</Filter></None>
    <None Include="lang\era_help.json"><Filter>Documentation</Filter></None>
    <None Include="examples\HelpDialogExample.erm"><Filter>Documentation</Filter></None>
    <ClInclude Include="DlgEnums.h"><Filter>Header Files</Filter></ClInclude>
    <ClInclude Include="HeaderPage.h"><Filter>Header Files</Filter></ClInclude>
    <ClInclude Include="HelpDialogDependencies.h"><Filter>Header Files</Filter></ClInclude>
    <ClInclude Include="DlgPage.h"><Filter>Header Files</Filter></ClInclude>
    <ClInclude Include="PluginFiles.h"><Filter>Header Files</Filter></ClInclude>
    <ClInclude Include="HelpLogic.h"><Filter>Header Files</Filter></ClInclude>
    <ClInclude Include="HelpUI.h"><Filter>Header Files</Filter></ClInclude>
    <ClInclude Include="ObjectCard.h"><Filter>Header Files</Filter></ClInclude>
    <ClInclude Include="CardLayout.h"><Filter>Header Files</Filter></ClInclude>
    <ClInclude Include="MasteryPopup.h"><Filter>Header Files</Filter></ClInclude>
    <ClInclude Include="CatalogueData.h"><Filter>Header Files</Filter></ClInclude>
    <ClInclude Include="CataloguePage.h"><Filter>Header Files</Filter></ClInclude>
    <ClInclude Include="SearchPanel.h"><Filter>Header Files</Filter></ClInclude>
    <ClInclude Include="HotkeysPage.h"><Filter>Header Files</Filter></ClInclude>
    <ClInclude Include="MainDlg.h"><Filter>Header Files</Filter></ClInclude>
    <ClInclude Include="GuideDlg.h"><Filter>Header Files</Filter></ClInclude>
    <ClInclude Include="ModInformation.h"><Filter>Header Files</Filter></ClInclude>
    <ClInclude Include="ModJson.h"><Filter>Header Files</Filter></ClInclude>
    <ClInclude Include="ModListDlg.h"><Filter>Header Files</Filter></ClInclude>
    <ClInclude Include="ModPage.h"><Filter>Header Files</Filter></ClInclude>
    <ClInclude Include="PlaceholderPage.h"><Filter>Header Files</Filter></ClInclude>
    <ClInclude Include="ScrollbarUtils.h"><Filter>Header Files</Filter></ClInclude>
    <ClCompile Include="..\headers\Era\era.cpp"><Filter>Source Files</Filter></ClCompile>
    <ClCompile Include="dllmain.cpp"><Filter>Source Files</Filter></ClCompile>
    <ClCompile Include="HeaderPage.cpp"><Filter>Source Files</Filter></ClCompile>
    <ClCompile Include="DlgPage.cpp"><Filter>Source Files</Filter></ClCompile>
    <ClCompile Include="HotkeysPage.cpp"><Filter>Source Files</Filter></ClCompile>
    <ClCompile Include="MainDlg.cpp"><Filter>Source Files</Filter></ClCompile>
    <ClCompile Include="ObjectCard.cpp"><Filter>Source Files</Filter></ClCompile>
    <ClCompile Include="MasteryPopup.cpp"><Filter>Source Files</Filter></ClCompile>
    <ClCompile Include="CatalogueData.cpp"><Filter>Source Files</Filter></ClCompile>
    <ClCompile Include="CataloguePage.cpp"><Filter>Source Files</Filter></ClCompile>
    <ClCompile Include="SearchPanel.cpp"><Filter>Source Files</Filter></ClCompile>
    <ClCompile Include="GuideDlg.cpp"><Filter>Source Files</Filter></ClCompile>
    <ClCompile Include="ModInformation.cpp"><Filter>Source Files</Filter></ClCompile>
    <ClCompile Include="ModListDlg.cpp"><Filter>Source Files</Filter></ClCompile>
    <ClCompile Include="ModPage.cpp"><Filter>Source Files</Filter></ClCompile>
    <ClCompile Include="PlaceholderPage.cpp"><Filter>Source Files</Filter></ClCompile>
    <None Include="examples\gem_help.json"><Filter>Documentation</Filter></None>
    <None Include=".clang-format"><Filter>Documentation</Filter></None>
    <ClInclude Include="..\headers\EraPluginsAPI\HelpDialogAPI.hpp"><Filter>Header Files</Filter></ClInclude>
  </ItemGroup>
</Project>
