<?xml version="1.0" encoding="utf-8"?>
<Project ToolsVersion="4.0" xmlns="http://schemas.microsoft.com/developer/msbuild/2003">
  <ItemGroup>
    <Filter Include="Source Files">
      <UniqueIdentifier>{4FC737F1-C7A5-4376-A066-2A32D752A2FF}</UniqueIdentifier>
      <Extensions>cpp;c;cc;cxx;c++;cppm;ixx;def;odl;idl;hpj;bat;asm;asmx</Extensions>
    </Filter>
    <Filter Include="Header Files">
      <UniqueIdentifier>{93995380-89BD-4b04-88EB-625FBE52EBFB}</UniqueIdentifier>
      <Extensions>h;hh;hpp;hxx;h++;hm;inl;inc;ipp;xsd</Extensions>
    </Filter>
  </ItemGroup>
  <ItemGroup>
    <ClInclude Include="pch.h">
      <Filter>Header Files</Filter>
    </ClInclude>
    <ClInclude Include="CombatHints.h">
      <Filter>Header Files</Filter>
    </ClInclude>
    <ClInclude Include="GameplayFeature.h">
      <Filter>Header Files</Filter>
    </ClInclude>
    <ClInclude Include="MapScroller.h">
      <Filter>Header Files</Filter>
    </ClInclude>
    <ClInclude Include="AdventureMapHints.h">
      <Filter>Header Files</Filter>
    </ClInclude>
    <ClInclude Include="ISettings.h">
      <Filter>Header Files</Filter>
    </ClInclude>
    <ClInclude Include="GraphicsEnhancements.h">
      <Filter>Header Files</Filter>
    </ClInclude>
    <ClInclude Include="MithrilDisplay.h">
      <Filter>Header Files</Filter>
    </ClInclude>
  </ItemGroup>
  <ItemGroup>
    <ClCompile Include="dllmain.cpp">
      <Filter>Source Files</Filter>
    </ClCompile>
    <ClCompile Include="GameplayFeature.cpp">
      <Filter>Source Files</Filter>
    </ClCompile>
    <ClCompile Include="CombatHints.cpp">
      <Filter>Source Files</Filter>
    </ClCompile>
    <ClCompile Include="MapScroller.cpp">
      <Filter>Source Files</Filter>
    </ClCompile>
    <ClCompile Include="..\headers\Era\era.cpp">
      <Filter>Source Files</Filter>
    </ClCompile>
    <ClCompile Include="AdventureMapHints.cpp">
      <Filter>Source Files</Filter>
    </ClCompile>
    <ClCompile Include="ISettings.cpp">
      <Filter>Source Files</Filter>
    </ClCompile>
    <ClCompile Include="GraphicsEnhancements.cpp">
      <Filter>Source Files</Filter>
    </ClCompile>
    <ClCompile Include="MithrilDisplay.cpp">
      <Filter>Source Files</Filter>
    </ClCompile>
  </ItemGroup>
</Project>